Microsoft Visual Studio Solution File, Format Version 12.00
# Visual Studio Version 17
VisualStudioVersion = 17.5.2.0
MinimumVisualStudioVersion = 10.0.40219.1
Project("{FAE04EC0-301F-11D3-BF4B-00C04F79EFBC}") = "IronMongeryTools", "IronMongeryTools.csproj", "{06F822AA-0BBF-90E2-BC42-DC03B0904773}"
EndProject
Global
	GlobalSection(SolutionConfigurationPlatforms) = preSolution
		Debug|Any CPU = Debug|Any CPU
		Release|Any CPU = Release|Any CPU
	EndGlobalSection
	GlobalSection(ProjectConfigurationPlatforms) = postSolution
		{06F822AA-0BBF-90E2-BC42-DC03B0904773}.Debug|Any CPU.ActiveCfg = Debug|Any CPU
		{06F822AA-0BBF-90E2-BC42-DC03B0904773}.Debug|Any CPU.Build.0 = Debug|Any CPU
		{06F822AA-0BBF-90E2-BC42-DC03B0904773}.Release|Any CPU.ActiveCfg = Release|Any CPU
		{06F822AA-0BBF-90E2-BC42-DC03B0904773}.Release|Any CPU.Build.0 = Release|Any CPU
	EndGlobalSection
	GlobalSection(SolutionProperties) = preSolution
		HideSolutionNode = FALSE
	EndGlobalSection
	GlobalSection(ExtensibilityGlobals) = postSolution
		SolutionGuid = {E6687A56-3E1C-422A-BDE4-CC1794BE2A77}
	EndGlobalSection
EndGlobal
